
Microsoft Visual Studio Solution File, Format Version 12.00
# Visual Studio Version 17
VisualStudioVersion = 17.9.34622.214
MinimumVisualStudioVersion = 10.0.40219.1
Project("{8BC9CEB8-8B4A-11D0-8D11-00A0C91BC942}") = "send-receive", "chapter03\send-receive\send-receive.vcxproj", "{D819E5B0-27BC-4BE2-BF12-20A92C1FA635}"
EndProject
Global
	GlobalSection(SolutionConfigurationPlatforms) = preSolution
		Debug|x64 = Debug|x64
		Debug|x86 = Debug|x86
		Release|x64 = Release|x64
		Release|x86 = Release|x86
	EndGlobalSection
	GlobalSection(ProjectConfigurationPlatforms) = postSolution
		{D819E5B0-27BC-4BE2-BF12-20A92C1FA635}.Debug|x64.ActiveCfg = Debug|x64
		{D819E5B0-27BC-4BE2-BF12-20A92C1FA635}.Debug|x64.Build.0 = Debug|x64
		{D819E5B0-27BC-4BE2-BF12-20A92C1FA635}.Debug|x86.ActiveCfg = Debug|Win32
		{D819E5B0-27BC-4BE2-BF12-20A92C1FA635}.Debug|x86.Build.0 = Debug|Win32
		{D819E5B0-27BC-4BE2-BF12-20A92C1FA635}.Release|x64.ActiveCfg = Release|x64
		{D819E5B0-27BC-4BE2-BF12-20A92C1FA635}.Release|x64.Build.0 = Release|x64
		{D819E5B0-27BC-4BE2-BF12-20A92C1FA635}.Release|x86.ActiveCfg = Release|Win32
		{D819E5B0-27BC-4BE2-BF12-20A92C1FA635}.Release|x86.Build.0 = Release|Win32
	EndGlobalSection
	GlobalSection(SolutionProperties) = preSolution
		HideSolutionNode = FALSE
	EndGlobalSection
	GlobalSection(ExtensibilityGlobals) = postSolution
		SolutionGuid = {7DF628FC-33A3-46C5-B9E5-3FA98563F12E}
	EndGlobalSection
EndGlobal
